
Microsoft Visual Studio Solution File, Format Version 12.00
# Visual Studio 15
Project("{FAE04EC0-301F-11D3-BF4B-00C04F79EFBC}") = "HttpTriggers", "HttpTriggers\HttpTriggers.csproj", "{B19E7F46-3A36-467B-9DB2-F17EEEE9F51D}"
EndProject
Project("{FAE04EC0-301F-11D3-BF4B-00C04F79EFBC}") = "TimeTrigger", "TimeTrigger\TimeTrigger.csproj", "{8741E2E7-3118-43EA-BA43-C750713B1D43}"
EndProject
Global
	GlobalSection(SolutionConfigurationPlatforms) = preSolution
		Debug|Any CPU = Debug|Any CPU
		Release|Any CPU = Release|Any CPU
	EndGlobalSection
	GlobalSection(ProjectConfigurationPlatforms) = postSolution
		{B19E7F46-3A36-467B-9DB2-F17EEEE9F51D}.Debug|Any CPU.ActiveCfg = Debug|Any CPU
		{B19E7F46-3A36-467B-9DB2-F17EEEE9F51D}.Debug|Any CPU.Build.0 = Debug|Any CPU
		{B19E7F46-3A36-467B-9DB2-F17EEEE9F51D}.Release|Any CPU.ActiveCfg = Release|Any CPU
		{B19E7F46-3A36-467B-9DB2-F17EEEE9F51D}.Release|Any CPU.Build.0 = Release|Any CPU
		{8741E2E7-3118-43EA-BA43-C750713B1D43}.Debug|Any CPU.ActiveCfg = Debug|Any CPU
		{8741E2E7-3118-43EA-BA43-C750713B1D43}.Debug|Any CPU.Build.0 = Debug|Any CPU
		{8741E2E7-3118-43EA-BA43-C750713B1D43}.Release|Any CPU.ActiveCfg = Release|Any CPU
		{8741E2E7-3118-43EA-BA43-C750713B1D43}.Release|Any CPU.Build.0 = Release|Any CPU
	EndGlobalSection
EndGlobal
